
Microsoft Visual Studio Solution File, Format Version 12.00
# Visual Studio 15
VisualStudioVersion = 15.0.28307.421
MinimumVisualStudioVersion = 10.0.40219.1
Project("{FAE04EC0-301F-11D3-BF4B-00C04F79EFBC}") = "AOTSerializer.Common", "src\AOTSerializer.Common\AOTSerializer.Common.csproj", "{32A6FCAA-5291-4D2E-89A3-7AB9DAB7441F}"
EndProject
Project("{FAE04EC0-301F-11D3-BF4B-00C04F79EFBC}") = "AOTSerializer.Json", "src\AOTSerializer.Json\AOTSerializer.Json.csproj", "{BCC73403-3C37-46BB-8C6E-3F7C8C23ABF8}"
EndProject
Project("{FAE04EC0-301F-11D3-BF4B-00C04F79EFBC}") = "AOTSerializer.MessagePack", "src\AOTSerializer.MessagePack\AOTSerializer.MessagePack.csproj", "{1D6EB363-6BC9-4A68-9C74-4C2E85B305BE}"
EndProject
Global
	GlobalSection(SolutionConfigurationPlatforms) = preSolution
		Debug|Any CPU = Debug|Any CPU
		Release|Any CPU = Release|Any CPU
	EndGlobalSection
	GlobalSection(ProjectConfigurationPlatforms) = postSolution
		{32A6FCAA-5291-4D2E-89A3-7AB9DAB7441F}.Debug|Any CPU.ActiveCfg = Debug|Any CPU
		{32A6FCAA-5291-4D2E-89A3-7AB9DAB7441F}.Debug|Any CPU.Build.0 = Debug|Any CPU
		{32A6FCAA-5291-4D2E-89A3-7AB9DAB7441F}.Release|Any CPU.ActiveCfg = Release|Any CPU
		{32A6FCAA-5291-4D2E-89A3-7AB9DAB7441F}.Release|Any CPU.Build.0 = Release|Any CPU
		{BCC73403-3C37-46BB-8C6E-3F7C8C23ABF8}.Debug|Any CPU.ActiveCfg = Debug|Any CPU
		{BCC73403-3C37-46BB-8C6E-3F7C8C23ABF8}.Debug|Any CPU.Build.0 = Debug|Any CPU
		{BCC73403-3C37-46BB-8C6E-3F7C8C23ABF8}.Release|Any CPU.ActiveCfg = Release|Any CPU
		{BCC73403-3C37-46BB-8C6E-3F7C8C23ABF8}.Release|Any CPU.Build.0 = Release|Any CPU
		{1D6EB363-6BC9-4A68-9C74-4C2E85B305BE}.Debug|Any CPU.ActiveCfg = Debug|Any CPU
		{1D6EB363-6BC9-4A68-9C74-4C2E85B305BE}.Debug|Any CPU.Build.0 = Debug|Any CPU
		{1D6EB363-6BC9-4A68-9C74-4C2E85B305BE}.Release|Any CPU.ActiveCfg = Release|Any CPU
		{1D6EB363-6BC9-4A68-9C74-4C2E85B305BE}.Release|Any CPU.Build.0 = Release|Any CPU
	EndGlobalSection
	GlobalSection(SolutionProperties) = preSolution
		HideSolutionNode = FALSE
	EndGlobalSection
	GlobalSection(ExtensibilityGlobals) = postSolution
		SolutionGuid = {964DFA39-301B-411C-9A7C-1FCB307354DC}
	EndGlobalSection
EndGlobal
