
Microsoft Visual Studio Solution File, Format Version 12.00
# Visual Studio Version 16
VisualStudioVersion = 16.0.28621.142
MinimumVisualStudioVersion = 10.0.40219.1
Project("{9A19103F-16F7-4668-BE54-9A1E7A4F7556}") = "AOTSerializer.Common", "src\AOTSerializer.Common\AOTSerializer.Common.csproj", "{32A6FCAA-5291-4D2E-89A3-7AB9DAB7441F}"
EndProject
Project("{9A19103F-16F7-4668-BE54-9A1E7A4F7556}") = "AOTSerializer.Json", "src\AOTSerializer.Json\AOTSerializer.Json.csproj", "{BCC73403-3C37-46BB-8C6E-3F7C8C23ABF8}"
EndProject
Project("{9A19103F-16F7-4668-BE54-9A1E7A4F7556}") = "AOTSerializer.MessagePack", "src\AOTSerializer.MessagePack\AOTSerializer.MessagePack.csproj", "{1D6EB363-6BC9-4A68-9C74-4C2E85B305BE}"
EndProject
Project("{2150E333-8FDC-42A3-9474-1A3956D46DE8}") = "src", "src", "{10ABBB7A-A67C-4D17-A6EA-7903C288A11C}"
EndProject
Project("{2150E333-8FDC-42A3-9474-1A3956D46DE8}") = "tests", "tests", "{12A0CC86-6F74-4CE8-B8FA-FDAEEBAF454B}"
EndProject
Project("{9A19103F-16F7-4668-BE54-9A1E7A4F7556}") = "AOTSerializer.Tests", "tests\AOTSerializer.Tests\AOTSerializer.Tests.csproj", "{6F93F8F9-CA31-4238-B294-BC2F5D88100C}"
EndProject
Project("{9A19103F-16F7-4668-BE54-9A1E7A4F7556}") = "AOTSerializer.Json.Tests", "tests\AOTSerializer.Json.Tests\AOTSerializer.Json.Tests.csproj", "{86C823B1-E7F2-4CF2-94C6-C24FD61DC62B}"
EndProject
Project("{9A19103F-16F7-4668-BE54-9A1E7A4F7556}") = "AOTSerializer.MessagePack.Tests", "tests\AOTSerializer.MessagePack.Tests\AOTSerializer.MessagePack.Tests.csproj", "{4E38C478-FAF7-4975-BB60-C9A584DA992C}"
EndProject
Project("{2150E333-8FDC-42A3-9474-1A3956D46DE8}") = "generator", "generator", "{75B66392-E911-459C-BB2B-D20343C3003E}"
EndProject
Project("{9A19103F-16F7-4668-BE54-9A1E7A4F7556}") = "AOTSerializer.Generator", "generator\AOTSerializer.Generator\AOTSerializer.Generator.csproj", "{B3F2BE13-6F37-4A41-B263-DB949006A061}"
EndProject
Project("{9A19103F-16F7-4668-BE54-9A1E7A4F7556}") = "AOTSerializer.Generator.Json", "generator\AOTSerializer.Generator.Json\AOTSerializer.Generator.Json.csproj", "{A0E512C6-8F51-4231-8BE7-0BA2C2D593B7}"
EndProject
Project("{FAE04EC0-301F-11D3-BF4B-00C04F79EFBC}") = "AOTSerializer.Generator.MessagePack", "generator\AOTSerializer.Generator.MessagePack\AOTSerializer.Generator.MessagePack.csproj", "{8C2A50AC-30C4-4BC6-BC3C-47AEA3202C6C}"
EndProject
Global
	GlobalSection(SolutionConfigurationPlatforms) = preSolution
		Debug|Any CPU = Debug|Any CPU
		Release|Any CPU = Release|Any CPU
	EndGlobalSection
	GlobalSection(ProjectConfigurationPlatforms) = postSolution
		{32A6FCAA-5291-4D2E-89A3-7AB9DAB7441F}.Debug|Any CPU.ActiveCfg = Debug|Any CPU
		{32A6FCAA-5291-4D2E-89A3-7AB9DAB7441F}.Debug|Any CPU.Build.0 = Debug|Any CPU
		{32A6FCAA-5291-4D2E-89A3-7AB9DAB7441F}.Release|Any CPU.ActiveCfg = Release|Any CPU
		{32A6FCAA-5291-4D2E-89A3-7AB9DAB7441F}.Release|Any CPU.Build.0 = Release|Any CPU
		{BCC73403-3C37-46BB-8C6E-3F7C8C23ABF8}.Debug|Any CPU.ActiveCfg = Debug|Any CPU
		{BCC73403-3C37-46BB-8C6E-3F7C8C23ABF8}.Debug|Any CPU.Build.0 = Debug|Any CPU
		{BCC73403-3C37-46BB-8C6E-3F7C8C23ABF8}.Release|Any CPU.ActiveCfg = Release|Any CPU
		{BCC73403-3C37-46BB-8C6E-3F7C8C23ABF8}.Release|Any CPU.Build.0 = Release|Any CPU
		{1D6EB363-6BC9-4A68-9C74-4C2E85B305BE}.Debug|Any CPU.ActiveCfg = Debug|Any CPU
		{1D6EB363-6BC9-4A68-9C74-4C2E85B305BE}.Debug|Any CPU.Build.0 = Debug|Any CPU
		{1D6EB363-6BC9-4A68-9C74-4C2E85B305BE}.Release|Any CPU.ActiveCfg = Release|Any CPU
		{1D6EB363-6BC9-4A68-9C74-4C2E85B305BE}.Release|Any CPU.Build.0 = Release|Any CPU
		{6F93F8F9-CA31-4238-B294-BC2F5D88100C}.Debug|Any CPU.ActiveCfg = Debug|Any CPU
		{6F93F8F9-CA31-4238-B294-BC2F5D88100C}.Debug|Any CPU.Build.0 = Debug|Any CPU
		{6F93F8F9-CA31-4238-B294-BC2F5D88100C}.Release|Any CPU.ActiveCfg = Release|Any CPU
		{6F93F8F9-CA31-4238-B294-BC2F5D88100C}.Release|Any CPU.Build.0 = Release|Any CPU
		{86C823B1-E7F2-4CF2-94C6-C24FD61DC62B}.Debug|Any CPU.ActiveCfg = Debug|Any CPU
		{86C823B1-E7F2-4CF2-94C6-C24FD61DC62B}.Debug|Any CPU.Build.0 = Debug|Any CPU
		{86C823B1-E7F2-4CF2-94C6-C24FD61DC62B}.Release|Any CPU.ActiveCfg = Release|Any CPU
		{86C823B1-E7F2-4CF2-94C6-C24FD61DC62B}.Release|Any CPU.Build.0 = Release|Any CPU
		{4E38C478-FAF7-4975-BB60-C9A584DA992C}.Debug|Any CPU.ActiveCfg = Debug|Any CPU
		{4E38C478-FAF7-4975-BB60-C9A584DA992C}.Debug|Any CPU.Build.0 = Debug|Any CPU
		{4E38C478-FAF7-4975-BB60-C9A584DA992C}.Release|Any CPU.ActiveCfg = Release|Any CPU
		{4E38C478-FAF7-4975-BB60-C9A584DA992C}.Release|Any CPU.Build.0 = Release|Any CPU
		{B3F2BE13-6F37-4A41-B263-DB949006A061}.Debug|Any CPU.ActiveCfg = Debug|Any CPU
		{B3F2BE13-6F37-4A41-B263-DB949006A061}.Debug|Any CPU.Build.0 = Debug|Any CPU
		{B3F2BE13-6F37-4A41-B263-DB949006A061}.Release|Any CPU.ActiveCfg = Release|Any CPU
		{B3F2BE13-6F37-4A41-B263-DB949006A061}.Release|Any CPU.Build.0 = Release|Any CPU
		{A0E512C6-8F51-4231-8BE7-0BA2C2D593B7}.Debug|Any CPU.ActiveCfg = Debug|Any CPU
		{A0E512C6-8F51-4231-8BE7-0BA2C2D593B7}.Debug|Any CPU.Build.0 = Debug|Any CPU
		{A0E512C6-8F51-4231-8BE7-0BA2C2D593B7}.Release|Any CPU.ActiveCfg = Release|Any CPU
		{A0E512C6-8F51-4231-8BE7-0BA2C2D593B7}.Release|Any CPU.Build.0 = Release|Any CPU
		{8C2A50AC-30C4-4BC6-BC3C-47AEA3202C6C}.Debug|Any CPU.ActiveCfg = Debug|Any CPU
		{8C2A50AC-30C4-4BC6-BC3C-47AEA3202C6C}.Debug|Any CPU.Build.0 = Debug|Any CPU
		{8C2A50AC-30C4-4BC6-BC3C-47AEA3202C6C}.Release|Any CPU.ActiveCfg = Release|Any CPU
		{8C2A50AC-30C4-4BC6-BC3C-47AEA3202C6C}.Release|Any CPU.Build.0 = Release|Any CPU
	EndGlobalSection
	GlobalSection(SolutionProperties) = preSolution
		HideSolutionNode = FALSE
	EndGlobalSection
	GlobalSection(NestedProjects) = preSolution
		{32A6FCAA-5291-4D2E-89A3-7AB9DAB7441F} = {10ABBB7A-A67C-4D17-A6EA-7903C288A11C}
		{BCC73403-3C37-46BB-8C6E-3F7C8C23ABF8} = {10ABBB7A-A67C-4D17-A6EA-7903C288A11C}
		{1D6EB363-6BC9-4A68-9C74-4C2E85B305BE} = {10ABBB7A-A67C-4D17-A6EA-7903C288A11C}
		{6F93F8F9-CA31-4238-B294-BC2F5D88100C} = {12A0CC86-6F74-4CE8-B8FA-FDAEEBAF454B}
		{86C823B1-E7F2-4CF2-94C6-C24FD61DC62B} = {12A0CC86-6F74-4CE8-B8FA-FDAEEBAF454B}
		{4E38C478-FAF7-4975-BB60-C9A584DA992C} = {12A0CC86-6F74-4CE8-B8FA-FDAEEBAF454B}
		{B3F2BE13-6F37-4A41-B263-DB949006A061} = {75B66392-E911-459C-BB2B-D20343C3003E}
		{A0E512C6-8F51-4231-8BE7-0BA2C2D593B7} = {75B66392-E911-459C-BB2B-D20343C3003E}
		{8C2A50AC-30C4-4BC6-BC3C-47AEA3202C6C} = {75B66392-E911-459C-BB2B-D20343C3003E}
	EndGlobalSection
	GlobalSection(ExtensibilityGlobals) = postSolution
		SolutionGuid = {964DFA39-301B-411C-9A7C-1FCB307354DC}
	EndGlobalSection
EndGlobal
